
Microsoft Visual Studio Solution File, Format Version 12.00
# Visual Studio 15
VisualStudioVersion = 15.0.26124.0
MinimumVisualStudioVersion = 15.0.26124.0
Project("{2150E333-8FDC-42A3-9474-1A3956D46DE8}") = "src", "src", "{8D843AE4-BFD6-4C35-94A9-0807F90016D3}"
EndProject
Project("{FAE04EC0-301F-11D3-BF4B-00C04F79EFBC}") = "SimpleAPI", "src\SimpleAPI\SimpleAPI.csproj", "{2EBA2C5A-9619-4B86-9A9C-70879568960C}"
EndProject
Project("{2150E333-8FDC-42A3-9474-1A3956D46DE8}") = "test", "test", "{31C799B1-D676-4828-AC5B-DF894EF6E66B}"
EndProject
Project("{FAE04EC0-301F-11D3-BF4B-00C04F79EFBC}") = "simpleapitest.test", "test\simpleapitest.test\simpleapitest.test.csproj", "{F7FA0C09-A617-4DF9-A0BF-6929B3EC4DCA}"
EndProject
Global
	GlobalSection(SolutionConfigurationPlatforms) = preSolution
		Debug|Any CPU = Debug|Any CPU
		Debug|x64 = Debug|x64
		Debug|x86 = Debug|x86
		Release|Any CPU = Release|Any CPU
		Release|x64 = Release|x64
		Release|x86 = Release|x86
	EndGlobalSection
	GlobalSection(SolutionProperties) = preSolution
		HideSolutionNode = FALSE
	EndGlobalSection
	GlobalSection(ProjectConfigurationPlatforms) = postSolution
		{2EBA2C5A-9619-4B86-9A9C-70879568960C}.Debug|Any CPU.ActiveCfg = Debug|Any CPU
		{2EBA2C5A-9619-4B86-9A9C-70879568960C}.Debug|Any CPU.Build.0 = Debug|Any CPU
		{2EBA2C5A-9619-4B86-9A9C-70879568960C}.Debug|x64.ActiveCfg = Debug|Any CPU
		{2EBA2C5A-9619-4B86-9A9C-70879568960C}.Debug|x64.Build.0 = Debug|Any CPU
		{2EBA2C5A-9619-4B86-9A9C-70879568960C}.Debug|x86.ActiveCfg = Debug|Any CPU
		{2EBA2C5A-9619-4B86-9A9C-70879568960C}.Debug|x86.Build.0 = Debug|Any CPU
		{2EBA2C5A-9619-4B86-9A9C-70879568960C}.Release|Any CPU.ActiveCfg = Release|Any CPU
		{2EBA2C5A-9619-4B86-9A9C-70879568960C}.Release|Any CPU.Build.0 = Release|Any CPU
		{2EBA2C5A-9619-4B86-9A9C-70879568960C}.Release|x64.ActiveCfg = Release|Any CPU
		{2EBA2C5A-9619-4B86-9A9C-70879568960C}.Release|x64.Build.0 = Release|Any CPU
		{2EBA2C5A-9619-4B86-9A9C-70879568960C}.Release|x86.ActiveCfg = Release|Any CPU
		{2EBA2C5A-9619-4B86-9A9C-70879568960C}.Release|x86.Build.0 = Release|Any CPU
		{F7FA0C09-A617-4DF9-A0BF-6929B3EC4DCA}.Debug|Any CPU.ActiveCfg = Debug|Any CPU
		{F7FA0C09-A617-4DF9-A0BF-6929B3EC4DCA}.Debug|Any CPU.Build.0 = Debug|Any CPU
		{F7FA0C09-A617-4DF9-A0BF-6929B3EC4DCA}.Debug|x64.ActiveCfg = Debug|Any CPU
		{F7FA0C09-A617-4DF9-A0BF-6929B3EC4DCA}.Debug|x64.Build.0 = Debug|Any CPU
		{F7FA0C09-A617-4DF9-A0BF-6929B3EC4DCA}.Debug|x86.ActiveCfg = Debug|Any CPU
		{F7FA0C09-A617-4DF9-A0BF-6929B3EC4DCA}.Debug|x86.Build.0 = Debug|Any CPU
		{F7FA0C09-A617-4DF9-A0BF-6929B3EC4DCA}.Release|Any CPU.ActiveCfg = Release|Any CPU
		{F7FA0C09-A617-4DF9-A0BF-6929B3EC4DCA}.Release|Any CPU.Build.0 = Release|Any CPU
		{F7FA0C09-A617-4DF9-A0BF-6929B3EC4DCA}.Release|x64.ActiveCfg = Release|Any CPU
		{F7FA0C09-A617-4DF9-A0BF-6929B3EC4DCA}.Release|x64.Build.0 = Release|Any CPU
		{F7FA0C09-A617-4DF9-A0BF-6929B3EC4DCA}.Release|x86.ActiveCfg = Release|Any CPU
		{F7FA0C09-A617-4DF9-A0BF-6929B3EC4DCA}.Release|x86.Build.0 = Release|Any CPU
	EndGlobalSection
	GlobalSection(NestedProjects) = preSolution
		{2EBA2C5A-9619-4B86-9A9C-70879568960C} = {8D843AE4-BFD6-4C35-94A9-0807F90016D3}
		{F7FA0C09-A617-4DF9-A0BF-6929B3EC4DCA} = {31C799B1-D676-4828-AC5B-DF894EF6E66B}
	EndGlobalSection
EndGlobal
